# THIS IS AN AUTOGENERATED FILE. DO NOT EDIT THIS FILE DIRECTLY.
# yarn lockfile v1


eslint-plugin-react-hooks@^4.0.5:
  version "4.0.5"
  resolved "https://registry.yarnpkg.com/eslint-plugin-react-hooks/-/eslint-plugin-react-hooks-4.0.5.tgz#4879003aa38e5d05d0312175beb6e4a1f617bfcf"
  integrity sha512-3YLSjoArsE2rUwL8li4Yxx1SUg3DQWp+78N3bcJQGWVZckcp+yeQGsap/MSq05+thJk57o+Ww4PtZukXGL02TQ==
